{
  "version": 4,
  "terraform_version": "1.13.3",
  "serial": 5,
  "lineage": "64912fd5-bc35-098f-2dc8-85f8848139f3",
  "outputs": {
    "aks_cluster_name": {
      "value": "aks-segundo-parcial",
      "type": "string"
    }
  },
  "resources": [
    {
      "mode": "managed",
      "type": "azurerm_resource_group",
      "name": "rg",
      "provider": "provider[\"registry.terraform.io/hashicorp/azurerm\"]",
      "instances": [
        {
          "schema_version": 0,
          "attributes": {
            "id": "/subscriptions/2b5c40a3-d8c7-429a-8469-8f666096dae1/resourceGroups/rg-segundo-parcial",
            "location": "eastus2",
            "managed_by": "",
            "name": "rg-segundo-parcial",
            "tags": null,
            "timeouts": null
          },
          "sensitive_attributes": [],
          "identity_schema_version": 0,
          "private": "eyJlMmJmYjczMC1lY2FhLTExZTYtOGY4OC0zNDM2M2JjN2M0YzAiOnsiY3JlYXRlIjo1NDAwMDAwMDAwMDAwLCJkZWxldGUiOjU0MDAwMDAwMDAwMDAsInJlYWQiOjMwMDAwMDAwMDAwMCwidXBkYXRlIjo1NDAwMDAwMDAwMDAwfX0="
        }
      ]
    }
  ],
  "check_results": null
}
